// !$*UTF8*$!
{
	archiveVersion = 1;
	classes = {
	};
	objectVersion = 46;
	objects = {

/* Begin PBXBuildFile section */
		3594859F1A77E6AF0011B339 /* UIBezierPath+LxThroughPointsBezier.swift in Sources */ = {isa = PBXBuildFile; fileRef = 3594859E1A77E6AF0011B339 /* UIBezierPath+LxThroughPointsBezier.swift */; };
		35C2E3591A768F2A007C1C1A /* AppDelegate.swift in Sources */ = {isa = PBXBuildFile; fileRef = 35C2E3581A768F2A007C1C1A /* AppDelegate.swift */; };
		35C2E35B1A768F2A007C1C1A /* ViewController.swift in Sources */ = {isa = PBXBuildFile; fileRef = 35C2E35A1A768F2A007C1C1A /* ViewController.swift */; };
		35C2E35E1A768F2A007C1C1A /* Main.storyboard in Resources */ = {isa = PBXBuildFile; fileRef = 35C2E35C1A768F2A007C1C1A /* Main.storyboard */; };
		35C2E3601A768F2A007C1C1A /* Images.xcassets in Resources */ = {isa = PBXBuildFile; fileRef = 35C2E35F1A768F2A007C1C1A /* Images.xcassets */; };
		35C2E3631A768F2A007C1C1A /* LaunchScreen.xib in Resources */ = {isa = PBXBuildFile; fileRef = 35C2E3611A768F2A007C1C1A /* LaunchScreen.xib */; };
		35C2E36F1A768F2A007C1C1A /* LxThroughPointsBezier_SwiftTests.swift in Sources */ = {isa = PBXBuildFile; fileRef = 35C2E36E1A768F2A007C1C1A /* LxThroughPointsBezier_SwiftTests.swift */; };
/* End PBXBuildFile section */

/* Begin PBXContainerItemProxy section */
		35C2E3691A768F2A007C1C1A /* PBXContainerItemProxy */ = {
			isa = PBXContainerItemProxy;
			containerPortal = 35C2E34B1A768F2A007C1C1A /* Project object */;
			proxyType = 1;
			remoteGlobalIDString = 35C2E3521A768F2A007C1C1A;
			remoteInfo = "LxThroughPointsBezier-Swift";
		};
/* End PBXContainerItemProxy section */

/* Begin PBXFileReference section */
		3594859E1A77E6AF0011B339 /* UIBezierPath+LxThroughPointsBezier.swift */ = {isa = PBXFileReference; fileEncoding = 4; lastKnownFileType = sourcecode.swift; name = "UIBezierPath+LxThroughPointsBezier.swift"; path = "../../UIBezierPath+LxThroughPointsBezier.swift"; sourceTree = "<group>"; };
		35C2E3531A768F2A007C1C1A /* LxThroughPointsBezier-Swift.app */ = {isa = PBXFileReference; explicitFileType = wrapper.application; includeInIndex = 0; path = "LxThroughPointsBezier-Swift.app"; sourceTree = BUILT_PRODUCTS_DIR; };
		35C2E3571A768F2A007C1C1A /* Info.plist */ = {isa = PBXFileReference; lastKnownFileType = text.plist.xml; path = Info.plist; sourceTree = "<group>"; };
		35C2E3581A768F2A007C1C1A /* AppDelegate.swift */ = {isa = PBXFileReference; lastKnownFileType = sourcecode.swift; path = AppDelegate.swift; sourceTree = "<group>"; };
		35C2E35A1A768F2A007C1C1A /* ViewController.swift */ = {isa = PBXFileReference; lastKnownFileType = sourcecode.swift; path = ViewController.swift; sourceTree = "<group>"; };
		35C2E35D1A768F2A007C1C1A /* Base */ = {isa = PBXFileReference; lastKnownFileType = file.storyboard; name = Base; path = Base.lproj/Main.storyboard; sourceTree = "<group>"; };
		35C2E35F1A768F2A007C1C1A /* Images.xcassets */ = {isa = PBXFileReference; lastKnownFileType = folder.assetcatalog; path = Images.xcassets; sourceTree = "<group>"; };
		35C2E3621A768F2A007C1C1A /* Base */ = {isa = PBXFileReference; lastKnownFileType = file.xib; name = Base; path = Base.lproj/LaunchScreen.xib; sourceTree = "<group>"; };
		35C2E3681A768F2A007C1C1A /* LxThroughPointsBezier-SwiftTests.xctest */ = {isa = PBXFileReference; explicitFileType = wrapper.cfbundle; includeInIndex = 0; path = "LxThroughPointsBezier-SwiftTests.xctest"; sourceTree = BUILT_PRODUCTS_DIR; };
		35C2E36D1A768F2A007C1C1A /* Info.plist */ = {isa = PBXFileReference; lastKnownFileType = text.plist.xml; path = Info.plist; sourceTree = "<group>"; };
		35C2E36E1A768F2A007C1C1A /* LxThroughPointsBezier_SwiftTests.swift */ = {isa = PBXFileReference; lastKnownFileType = sourcecode.swift; path = LxThroughPointsBezier_SwiftTests.swift; sourceTree = "<group>"; };
/* End PBXFileReference section */

/* Begin PBXFrameworksBuildPhase section */
		35C2E3501A768F2A007C1C1A /* Frameworks */ = {
			isa = PBXFrameworksBuildPhase;
			buildActionMask = 2147483647;
			files = (
			);
			runOnlyForDeploymentPostprocessing = 0;
		};
		35C2E3651A768F2A007C1C1A /* Frameworks */ = {
			isa = PBXFrameworksBuildPhase;
			buildActionMask = 2147483647;
			files = (
			);
			runOnlyForDeploymentPostprocessing = 0;
		};
/* End PBXFrameworksBuildPhase section */

/* Begin PBXGroup section */
		35C2E34A1A768F2A007C1C1A = {
			isa = PBXGroup;
			children = (
				35C2E3551A768F2A007C1C1A /* LxThroughPointsBezier-Swift */,
				35C2E36B1A768F2A007C1C1A /* LxThroughPointsBezier-SwiftTests */,
				35C2E3541A768F2A007C1C1A /* Products */,
			);
			sourceTree = "<group>";
		};
		35C2E3541A768F2A007C1C1A /* Products */ = {
			isa = PBXGroup;
			children = (
				35C2E3531A768F2A007C1C1A /* LxThroughPointsBezier-Swift.app */,
				35C2E3681A768F2A007C1C1A /* LxThroughPointsBezier-SwiftTests.xctest */,
			);
			name = Products;
			sourceTree = "<group>";
		};
		35C2E3551A768F2A007C1C1A /* LxThroughPointsBezier-Swift */ = {
			isa = PBXGroup;
			children = (
				35C2E3581A768F2A007C1C1A /* AppDelegate.swift */,
				35C2E35A1A768F2A007C1C1A /* ViewController.swift */,
				3594859E1A77E6AF0011B339 /* UIBezierPath+LxThroughPointsBezier.swift */,
				35C2E35C1A768F2A007C1C1A /* Main.storyboard */,
				35C2E3611A768F2A007C1C1A /* LaunchScreen.xib */,
				35C2E35F1A768F2A007C1C1A /* Images.xcassets */,
				35C2E3561A768F2A007C1C1A /* Supporting Files */,
			);
			path = "LxThroughPointsBezier-Swift";
			sourceTree = "<group>";
		};
		35C2E3561A768F2A007C1C1A /* Supporting Files */ = {
			isa = PBXGroup;
			children = (
				35C2E3571A768F2A007C1C1A /* Info.plist */,
			);
			name = "Supporting Files";
			sourceTree = "<group>";
		};
		35C2E36B1A768F2A007C1C1A /* LxThroughPointsBezier-SwiftTests */ = {
			isa = PBXGroup;
			children = (
				35C2E36E1A768F2A007C1C1A /* LxThroughPointsBezier_SwiftTests.swift */,
				35C2E36C1A768F2A007C1C1A /* Supporting Files */,
			);
			path = "LxThroughPointsBezier-SwiftTests";
			sourceTree = "<group>";
		};
		35C2E36C1A768F2A007C1C1A /* Supporting Files */ = {
			isa = PBXGroup;
			children = (
				35C2E36D1A768F2A007C1C1A /* Info.plist */,
			);
			name = "Supporting Files";
			sourceTree = "<group>";
		};
/* End PBXGroup section */

/* Begin PBXNativeTarget section */
		35C2E3521A768F2A007C1C1A /* LxThroughPointsBezier-Swift */ = {
			isa = PBXNativeTarget;
			buildConfigurationList = 35C2E3721A768F2A007C1C1A /* Build configuration list for PBXNativeTarget "LxThroughPointsBezier-Swift" */;
			buildPhases = (
				35C2E34F1A768F2A007C1C1A /* Sources */,
				35C2E3501A768F2A007C1C1A /* Frameworks */,
				35C2E3511A768F2A007C1C1A /* Resources */,
			);
			buildRules = (
			);
			dependencies = (
			);
			name = "LxThroughPointsBezier-Swift";
			productName = "LxThroughPointsBezier-Swift";
			productReference = 35C2E3531A768F2A007C1C1A /* LxThroughPointsBezier-Swift.app */;
			productType = "com.apple.product-type.application";
		};
		35C2E3671A768F2A007C1C1A /* LxThroughPointsBezier-SwiftTests */ = {
			isa = PBXNativeTarget;
			buildConfigurationList = 35C2E3751A768F2A007C1C1A /* Build configuration list for PBXNativeTarget "LxThroughPointsBezier-SwiftTests" */;
			buildPhases = (
				35C2E3641A768F2A007C1C1A /* Sources */,
				35C2E3651A768F2A007C1C1A /* Frameworks */,
				35C2E3661A768F2A007C1C1A /* Resources */,
			);
			buildRules = (
			);
			dependencies = (
				35C2E36A1A768F2A007C1C1A /* PBXTargetDependency */,
			);
			name = "LxThroughPointsBezier-SwiftTests";
			productName = "LxThroughPointsBezier-SwiftTests";
			productReference = 35C2E3681A768F2A007C1C1A /* LxThroughPointsBezier-SwiftTests.xctest */;
			productType = "com.apple.product-type.bundle.unit-test";
		};
/* End PBXNativeTarget section */

/* Begin PBXProject section */
		35C2E34B1A768F2A007C1C1A /* Project object */ = {
			isa = PBXProject;
			attributes = {
				LastUpgradeCheck = 0610;
				ORGANIZATIONNAME = "Gener-health-li.x";
				TargetAttributes = {
					35C2E3521A768F2A007C1C1A = {
						CreatedOnToolsVersion = 6.1.1;
					};
					35C2E3671A768F2A007C1C1A = {
						CreatedOnToolsVersion = 6.1.1;
						TestTargetID = 35C2E3521A768F2A007C1C1A;
					};
				};
			};
			buildConfigurationList = 35C2E34E1A768F2A007C1C1A /* Build configuration list for PBXProject "LxThroughPointsBezier-Swift" */;
			compatibilityVersion = "Xcode 3.2";
			developmentRegion = English;
			hasScannedForEncodings = 0;
			knownRegions = (
				en,
				Base,
			);
			mainGroup = 35C2E34A1A768F2A007C1C1A;
			productRefGroup = 35C2E3541A768F2A007C1C1A /* Products */;
			projectDirPath = "";
			projectRoot = "";
			targets = (
				35C2E3521A768F2A007C1C1A /* LxThroughPointsBezier-Swift */,
				35C2E3671A768F2A007C1C1A /* LxThroughPointsBezier-SwiftTests */,
			);
		};
/* End PBXProject section */

/* Begin PBXResourcesBuildPhase section */
		35C2E3511A768F2A007C1C1A /* Resources */ = {
			isa = PBXResourcesBuildPhase;
			buildActionMask = 2147483647;
			files = (
				35C2E35E1A768F2A007C1C1A /* Main.storyboard in Resources */,
				35C2E3631A768F2A007C1C1A /* LaunchScreen.xib in Resources */,
				35C2E3601A768F2A007C1C1A /* Images.xcassets in Resources */,
			);
			runOnlyForDeploymentPostprocessing = 0;
		};
		35C2E3661A768F2A007C1C1A /* Resources */ = {
			isa = PBXResourcesBuildPhase;
			buildActionMask = 2147483647;
			files = (
			);
			runOnlyForDeploymentPostprocessing = 0;
		};
/* End PBXResourcesBuildPhase section */

/* Begin PBXSourcesBuildPhase section */
		35C2E34F1A768F2A007C1C1A /* Sources */ = {
			isa = PBXSourcesBuildPhase;
			buildActionMask = 2147483647;
			files = (
				35C2E35B1A768F2A007C1C1A /* ViewController.swift in Sources */,
				35C2E3591A768F2A007C1C1A /* AppDelegate.swift in Sources */,
				3594859F1A77E6AF0011B339 /* UIBezierPath+LxThroughPointsBezier.swift in Sources */,
			);
			runOnlyForDeploymentPostprocessing = 0;
		};
		35C2E3641A768F2A007C1C1A /* Sources */ = {
			isa = PBXSourcesBuildPhase;
			buildActionMask = 2147483647;
			files = (
				35C2E36F1A768F2A007C1C1A /* LxThroughPointsBezier_SwiftTests.swift in Sources */,
			);
			runOnlyForDeploymentPostprocessing = 0;
		};
/* End PBXSourcesBuildPhase section */

/* Begin PBXTargetDependency section */
		35C2E36A1A768F2A007C1C1A /* PBXTargetDependency */ = {
			isa = PBXTargetDependency;
			target = 35C2E3521A768F2A007C1C1A /* LxThroughPointsBezier-Swift */;
			targetProxy = 35C2E3691A768F2A007C1C1A /* PBXContainerItemProxy */;
		};
/* End PBXTargetDependency section */

/* Begin PBXVariantGroup section */
		35C2E35C1A768F2A007C1C1A /* Main.storyboard */ = {
			isa = PBXVariantGroup;
			children = (
				35C2E35D1A768F2A007C1C1A /* Base */,
			);
			name = Main.storyboard;
			sourceTree = "<group>";
		};
		35C2E3611A768F2A007C1C1A /* LaunchScreen.xib */ = {
			isa = PBXVariantGroup;
			children = (
				35C2E3621A768F2A007C1C1A /* Base */,
			);
			name = LaunchScreen.xib;
			sourceTree = "<group>";
		};
/* End PBXVariantGroup section */

/* Begin XCBuildConfiguration section */
		35C2E3701A768F2A007C1C1A /* Debug */ = {
			isa = XCBuildConfiguration;
			buildSettings = {
				ALWAYS_SEARCH_USER_PATHS = NO;
				CLANG_CXX_LANGUAGE_STANDARD = "gnu++0x";
				CLANG_CXX_LIBRARY = "libc++";
				CLANG_ENABLE_MODULES = YES;
				CLANG_ENABLE_OBJC_ARC = YES;
				CLANG_WARN_BOOL_CONVERSION = YES;
				CLANG_WARN_CONSTANT_CONVERSION = YES;
				CLANG_WARN_DIRECT_OBJC_ISA_USAGE = YES_ERROR;
				CLANG_WARN_EMPTY_BODY = YES;
				CLANG_WARN_ENUM_CONVERSION = YES;
				CLANG_WARN_INT_CONVERSION = YES;
				CLANG_WARN_OBJC_ROOT_CLASS = YES_ERROR;
				CLANG_WARN_UNREACHABLE_CODE = YES;
				CLANG_WARN__DUPLICATE_METHOD_MATCH = YES;
				"CODE_SIGN_IDENTITY[sdk=iphoneos*]" = "iPhone Developer";
				COPY_PHASE_STRIP = NO;
				ENABLE_STRICT_OBJC_MSGSEND = YES;
				GCC_C_LANGUAGE_STANDARD = gnu99;
				GCC_DYNAMIC_NO_PIC = NO;
				GCC_OPTIMIZATION_LEVEL = 0;
				GCC_PREPROCESSOR_DEFINITIONS = (
					"DEBUG=1",
					"$(inherited)",
				);
				GCC_SYMBOLS_PRIVATE_EXTERN = NO;
				GCC_WARN_64_TO_32_BIT_CONVERSION = YES;
				GCC_WARN_ABOUT_RETURN_TYPE = YES_ERROR;
				GCC_WARN_UNDECLARED_SELECTOR = YES;
				GCC_WARN_UNINITIALIZED_AUTOS = YES_AGGRESSIVE;
				GCC_WARN_UNUSED_FUNCTION = YES;
				GCC_WARN_UNUSED_VARIABLE = YES;
				IPHONEOS_DEPLOYMENT_TARGET = 7.0;
				MTL_ENABLE_DEBUG_INFO = YES;
				ONLY_ACTIVE_ARCH = YES;
				SDKROOT = iphoneos;
				SWIFT_OPTIMIZATION_LEVEL = "-Onone";
				TARGETED_DEVICE_FAMILY = "1,2";
			};
			name = Debug;
		};
		35C2E3711A768F2A007C1C1A /* Release */ = {
			isa = XCBuildConfiguration;
			buildSettings = {
				ALWAYS_SEARCH_USER_PATHS = NO;
				CLANG_CXX_LANGUAGE_STANDARD = "gnu++0x";
				CLANG_CXX_LIBRARY = "libc++";
				CLANG_ENABLE_MODULES = YES;
				CLANG_ENABLE_OBJC_ARC = YES;
				CLANG_WARN_BOOL_CONVERSION = YES;
				CLANG_WARN_CONSTANT_CONVERSION = YES;
				CLANG_WARN_DIRECT_OBJC_ISA_USAGE = YES_ERROR;
				CLANG_WARN_EMPTY_BODY = YES;
				CLANG_WARN_ENUM_CONVERSION = YES;
				CLANG_WARN_INT_CONVERSION = YES;
				CLANG_WARN_OBJC_ROOT_CLASS = YES_ERROR;
				CLANG_WARN_UNREACHABLE_CODE = YES;
				CLANG_WARN__DUPLICATE_METHOD_MATCH = YES;
				"CODE_SIGN_IDENTITY[sdk=iphoneos*]" = "iPhone Developer";
				COPY_PHASE_STRIP = YES;
				ENABLE_NS_ASSERTIONS = NO;
				ENABLE_STRICT_OBJC_MSGSEND = YES;
				GCC_C_LANGUAGE_STANDARD = gnu99;
				GCC_WARN_64_TO_32_BIT_CONVERSION = YES;
				GCC_WARN_ABOUT_RETURN_TYPE = YES_ERROR;
				GCC_WARN_UNDECLARED_SELECTOR = YES;
				GCC_WARN_UNINITIALIZED_AUTOS = YES_AGGRESSIVE;
				GCC_WARN_UNUSED_FUNCTION = YES;
				GCC_WARN_UNUSED_VARIABLE = YES;
				IPHONEOS_DEPLOYMENT_TARGET = 7.0;
				MTL_ENABLE_DEBUG_INFO = NO;
				SDKROOT = iphoneos;
				TARGETED_DEVICE_FAMILY = "1,2";
				VALIDATE_PRODUCT = YES;
			};
			name = Release;
		};
		35C2E3731A768F2A007C1C1A /* Debug */ = {
			isa = XCBuildConfiguration;
			buildSettings = {
				ASSETCATALOG_COMPILER_APPICON_NAME = AppIcon;
				INFOPLIST_FILE = "LxThroughPointsBezier-Swift/Info.plist";
				IPHONEOS_DEPLOYMENT_TARGET = 7.0;
				LD_RUNPATH_SEARCH_PATHS = "$(inherited) @executable_path/Frameworks";
				PRODUCT_NAME = "$(TARGET_NAME)";
			};
			name = Debug;
		};
		35C2E3741A768F2A007C1C1A /* Release */ = {
			isa = XCBuildConfiguration;
			buildSettings = {
				ASSETCATALOG_COMPILER_APPICON_NAME = AppIcon;
				INFOPLIST_FILE = "LxThroughPointsBezier-Swift/Info.plist";
				IPHONEOS_DEPLOYMENT_TARGET = 7.0;
				LD_RUNPATH_SEARCH_PATHS = "$(inherited) @executable_path/Frameworks";
				PRODUCT_NAME = "$(TARGET_NAME)";
			};
			name = Release;
		};
		35C2E3761A768F2A007C1C1A /* Debug */ = {
			isa = XCBuildConfiguration;
			buildSettings = {
				BUNDLE_LOADER = "$(TEST_HOST)";
				FRAMEWORK_SEARCH_PATHS = (
					"$(SDKROOT)/Developer/Library/Frameworks",
					"$(inherited)",
				);
				GCC_PREPROCESSOR_DEFINITIONS = (
					"DEBUG=1",
					"$(inherited)",
				);
				INFOPLIST_FILE = "LxThroughPointsBezier-SwiftTests/Info.plist";
				LD_RUNPATH_SEARCH_PATHS = "$(inherited) @executable_path/Frameworks @loader_path/Frameworks";
				PRODUCT_NAME = "$(TARGET_NAME)";
				TEST_HOST = "$(BUILT_PRODUCTS_DIR)/LxThroughPointsBezier-Swift.app/LxThroughPointsBezier-Swift";
			};
			name = Debug;
		};
		35C2E3771A768F2A007C1C1A /* Release */ = {
			isa = XCBuildConfiguration;
			buildSettings = {
				BUNDLE_LOADER = "$(TEST_HOST)";
				FRAMEWORK_SEARCH_PATHS = (
					"$(SDKROOT)/Developer/Library/Frameworks",
					"$(inherited)",
				);
				INFOPLIST_FILE = "LxThroughPointsBezier-SwiftTests/Info.plist";
				LD_RUNPATH_SEARCH_PATHS = "$(inherited) @executable_path/Frameworks @loader_path/Frameworks";
				PRODUCT_NAME = "$(TARGET_NAME)";
				TEST_HOST = "$(BUILT_PRODUCTS_DIR)/LxThroughPointsBezier-Swift.app/LxThroughPointsBezier-Swift";
			};
			name = Release;
		};
/* End XCBuildConfiguration section */

/* Begin XCConfigurationList section */
		35C2E34E1A768F2A007C1C1A /* Build configuration list for PBXProject "LxThroughPointsBezier-Swift" */ = {
			isa = XCConfigurationList;
			buildConfigurations = (
				35C2E3701A768F2A007C1C1A /* Debug */,
				35C2E3711A768F2A007C1C1A /* Release */,
			);
			defaultConfigurationIsVisible = 0;
			defaultConfigurationName = Release;
		};
		35C2E3721A768F2A007C1C1A /* Build configuration list for PBXNativeTarget "LxThroughPointsBezier-Swift" */ = {
			isa = XCConfigurationList;
			buildConfigurations = (
				35C2E3731A768F2A007C1C1A /* Debug */,
				35C2E3741A768F2A007C1C1A /* Release */,
			);
			defaultConfigurationIsVisible = 0;
			defaultConfigurationName = Release;
		};
		35C2E3751A768F2A007C1C1A /* Build configuration list for PBXNativeTarget "LxThroughPointsBezier-SwiftTests" */ = {
			isa = XCConfigurationList;
			buildConfigurations = (
				35C2E3761A768F2A007C1C1A /* Debug */,
				35C2E3771A768F2A007C1C1A /* Release */,
			);
			defaultConfigurationIsVisible = 0;
			defaultConfigurationName = Release;
		};
/* End XCConfigurationList section */
	};
	rootObject = 35C2E34B1A768F2A007C1C1A /* Project object */;
}
